Microsoft Visual Studio Solution File, Format Version 12.00
# Visual Studio Version 17
VisualStudioVersion = 17.0.31903.59
MinimumVisualStudioVersion = 10.0.40219.1
Project("{FAE04EC0-301F-11D3-BF4B-00C04F79EFBC}") = "Creditos.Api", "src\Creditos.Api\Creditos.Api.csproj", "{5D2C3F8A-5A39-4B14-B2F7-B4D31B987D80}"
EndProject
Project("{FAE04EC0-301F-11D3-BF4B-00C04F79EFBC}") = "Creditos.Api.Tests", "tests\Creditos.Api.Tests\Creditos.Api.Tests.csproj", "{BCF225EF-CF8C-4FD9-A3CF-EB31BDA270A0}"
EndProject
Global
	GlobalSection(SolutionConfigurationPlatforms) = preSolution
		Debug|Any CPU = Debug|Any CPU
		Release|Any CPU = Release|Any CPU
	EndGlobalSection
	GlobalSection(ProjectConfigurationPlatforms) = postSolution
		{5D2C3F8A-5A39-4B14-B2F7-B4D31B987D80}.Debug|Any CPU.ActiveCfg = Debug|Any CPU
		{5D2C3F8A-5A39-4B14-B2F7-B4D31B987D80}.Debug|Any CPU.Build.0 = Debug|Any CPU
		{5D2C3F8A-5A39-4B14-B2F7-B4D31B987D80}.Release|Any CPU.ActiveCfg = Release|Any CPU
		{5D2C3F8A-5A39-4B14-B2F7-B4D31B987D80}.Release|Any CPU.Build.0 = Release|Any CPU
		{BCF225EF-CF8C-4FD9-A3CF-EB31BDA270A0}.Debug|Any CPU.ActiveCfg = Debug|Any CPU
		{BCF225EF-CF8C-4FD9-A3CF-EB31BDA270A0}.Debug|Any CPU.Build.0 = Debug|Any CPU
		{BCF225EF-CF8C-4FD9-A3CF-EB31BDA270A0}.Release|Any CPU.ActiveCfg = Release|Any CPU
		{BCF225EF-CF8C-4FD9-A3CF-EB31BDA270A0}.Release|Any CPU.Build.0 = Release|Any CPU
	EndGlobalSection
EndGlobal
